
Microsoft Visual Studio Solution File, Format Version 12.00
# Visual Studio Version 16
VisualStudioVersion = 16.0.29806.167
MinimumVisualStudioVersion = 10.0.40219.1
Project("{FAE04EC0-301F-11D3-BF4B-00C04F79EFBC}") = "UWPApp", "UWPApp\UWPApp.csproj", "{4DCBFDEB-5E3A-457D-AAB9-ADF75D0B919B}"
EndProject
Project("{FAE04EC0-301F-11D3-BF4B-00C04F79EFBC}") = "UWPApp.Tests.xUnit", "UWPApp.Tests.xUnit\UWPApp.Tests.xUnit.csproj", "{96A51608-6C7B-4DE5-9F8F-48D98A8E2F5E}"
EndProject
Project("{9A19103F-16F7-4668-BE54-9A1E7A4F7556}") = "UWPApp.Core", "UWPApp.Core\UWPApp.Core.csproj", "{3693E067-9209-4FB0-8E4F-59B29E9867F8}"
EndProject
Project("{9A19103F-16F7-4668-BE54-9A1E7A4F7556}") = "UWPApp.Core.Tests.xUnit", "UWPApp.Core.Tests.xUnit\UWPApp.Core.Tests.xUnit.csproj", "{BD00059A-566B-4323-9F5F-9104DBB19EEB}"
EndProject
Global
	GlobalSection(SolutionConfigurationPlatforms) = preSolution
		Debug|Any CPU = Debug|Any CPU
		Debug|ARM = Debug|ARM
		Debug|ARM64 = Debug|ARM64
		Debug|x64 = Debug|x64
		Debug|x86 = Debug|x86
		Release|Any CPU = Release|Any CPU
		Release|ARM = Release|ARM
		Release|ARM64 = Release|ARM64
		Release|x64 = Release|x64
		Release|x86 = Release|x86
	EndGlobalSection
	GlobalSection(ProjectConfigurationPlatforms) = postSolution
		{4DCBFDEB-5E3A-457D-AAB9-ADF75D0B919B}.Debug|Any CPU.ActiveCfg = Debug|x86
		{4DCBFDEB-5E3A-457D-AAB9-ADF75D0B919B}.Debug|ARM.ActiveCfg = Debug|ARM
		{4DCBFDEB-5E3A-457D-AAB9-ADF75D0B919B}.Debug|ARM.Build.0 = Debug|ARM
		{4DCBFDEB-5E3A-457D-AAB9-ADF75D0B919B}.Debug|ARM.Deploy.0 = Debug|ARM
		{4DCBFDEB-5E3A-457D-AAB9-ADF75D0B919B}.Debug|ARM64.ActiveCfg = Debug|ARM64
		{4DCBFDEB-5E3A-457D-AAB9-ADF75D0B919B}.Debug|ARM64.Build.0 = Debug|ARM64
		{4DCBFDEB-5E3A-457D-AAB9-ADF75D0B919B}.Debug|ARM64.Deploy.0 = Debug|ARM64
		{4DCBFDEB-5E3A-457D-AAB9-ADF75D0B919B}.Debug|x64.ActiveCfg = Debug|x64
		{4DCBFDEB-5E3A-457D-AAB9-ADF75D0B919B}.Debug|x64.Build.0 = Debug|x64
		{4DCBFDEB-5E3A-457D-AAB9-ADF75D0B919B}.Debug|x64.Deploy.0 = Debug|x64
		{4DCBFDEB-5E3A-457D-AAB9-ADF75D0B919B}.Debug|x86.ActiveCfg = Debug|x86
		{4DCBFDEB-5E3A-457D-AAB9-ADF75D0B919B}.Debug|x86.Build.0 = Debug|x86
		{4DCBFDEB-5E3A-457D-AAB9-ADF75D0B919B}.Debug|x86.Deploy.0 = Debug|x86
		{4DCBFDEB-5E3A-457D-AAB9-ADF75D0B919B}.Release|Any CPU.ActiveCfg = Release|x86
		{4DCBFDEB-5E3A-457D-AAB9-ADF75D0B919B}.Release|ARM.ActiveCfg = Release|ARM
		{4DCBFDEB-5E3A-457D-AAB9-ADF75D0B919B}.Release|ARM.Build.0 = Release|ARM
		{4DCBFDEB-5E3A-457D-AAB9-ADF75D0B919B}.Release|ARM.Deploy.0 = Release|ARM
		{4DCBFDEB-5E3A-457D-AAB9-ADF75D0B919B}.Release|ARM64.ActiveCfg = Release|ARM64
		{4DCBFDEB-5E3A-457D-AAB9-ADF75D0B919B}.Release|ARM64.Build.0 = Release|ARM64
		{4DCBFDEB-5E3A-457D-AAB9-ADF75D0B919B}.Release|ARM64.Deploy.0 = Release|ARM64
		{4DCBFDEB-5E3A-457D-AAB9-ADF75D0B919B}.Release|x64.ActiveCfg = Release|x64
		{4DCBFDEB-5E3A-457D-AAB9-ADF75D0B919B}.Release|x64.Build.0 = Release|x64
		{4DCBFDEB-5E3A-457D-AAB9-ADF75D0B919B}.Release|x64.Deploy.0 = Release|x64
		{4DCBFDEB-5E3A-457D-AAB9-ADF75D0B919B}.Release|x86.ActiveCfg = Release|x86
		{4DCBFDEB-5E3A-457D-AAB9-ADF75D0B919B}.Release|x86.Build.0 = Release|x86
		{4DCBFDEB-5E3A-457D-AAB9-ADF75D0B919B}.Release|x86.Deploy.0 = Release|x86
		{96A51608-6C7B-4DE5-9F8F-48D98A8E2F5E}.Debug|Any CPU.ActiveCfg = Debug|x86
		{96A51608-6C7B-4DE5-9F8F-48D98A8E2F5E}.Debug|ARM.ActiveCfg = Debug|ARM
		{96A51608-6C7B-4DE5-9F8F-48D98A8E2F5E}.Debug|ARM.Build.0 = Debug|ARM
		{96A51608-6C7B-4DE5-9F8F-48D98A8E2F5E}.Debug|ARM.Deploy.0 = Debug|ARM
		{96A51608-6C7B-4DE5-9F8F-48D98A8E2F5E}.Debug|ARM64.ActiveCfg = Debug|x86
		{96A51608-6C7B-4DE5-9F8F-48D98A8E2F5E}.Debug|x64.ActiveCfg = Debug|x64
		{96A51608-6C7B-4DE5-9F8F-48D98A8E2F5E}.Debug|x64.Build.0 = Debug|x64
		{96A51608-6C7B-4DE5-9F8F-48D98A8E2F5E}.Debug|x64.Deploy.0 = Debug|x64
		{96A51608-6C7B-4DE5-9F8F-48D98A8E2F5E}.Debug|x86.ActiveCfg = Debug|x86
		{96A51608-6C7B-4DE5-9F8F-48D98A8E2F5E}.Debug|x86.Build.0 = Debug|x86
		{96A51608-6C7B-4DE5-9F8F-48D98A8E2F5E}.Debug|x86.Deploy.0 = Debug|x86
		{96A51608-6C7B-4DE5-9F8F-48D98A8E2F5E}.Release|Any CPU.ActiveCfg = Release|x86
		{96A51608-6C7B-4DE5-9F8F-48D98A8E2F5E}.Release|ARM.ActiveCfg = Release|ARM
		{96A51608-6C7B-4DE5-9F8F-48D98A8E2F5E}.Release|ARM.Build.0 = Release|ARM
		{96A51608-6C7B-4DE5-9F8F-48D98A8E2F5E}.Release|ARM.Deploy.0 = Release|ARM
		{96A51608-6C7B-4DE5-9F8F-48D98A8E2F5E}.Release|ARM64.ActiveCfg = Release|x86
		{96A51608-6C7B-4DE5-9F8F-48D98A8E2F5E}.Release|x64.ActiveCfg = Release|x64
		{96A51608-6C7B-4DE5-9F8F-48D98A8E2F5E}.Release|x64.Build.0 = Release|x64
		{96A51608-6C7B-4DE5-9F8F-48D98A8E2F5E}.Release|x64.Deploy.0 = Release|x64
		{96A51608-6C7B-4DE5-9F8F-48D98A8E2F5E}.Release|x86.ActiveCfg = Release|x86
		{96A51608-6C7B-4DE5-9F8F-48D98A8E2F5E}.Release|x86.Build.0 = Release|x86
		{96A51608-6C7B-4DE5-9F8F-48D98A8E2F5E}.Release|x86.Deploy.0 = Release|x86
		{3693E067-9209-4FB0-8E4F-59B29E9867F8}.Debug|Any CPU.ActiveCfg = Debug|Any CPU
		{3693E067-9209-4FB0-8E4F-59B29E9867F8}.Debug|Any CPU.Build.0 = Debug|Any CPU
		{3693E067-9209-4FB0-8E4F-59B29E9867F8}.Debug|ARM.ActiveCfg = Debug|Any CPU
		{3693E067-9209-4FB0-8E4F-59B29E9867F8}.Debug|ARM.Build.0 = Debug|Any CPU
		{3693E067-9209-4FB0-8E4F-59B29E9867F8}.Debug|ARM64.ActiveCfg = Debug|Any CPU
		{3693E067-9209-4FB0-8E4F-59B29E9867F8}.Debug|ARM64.Build.0 = Debug|Any CPU
		{3693E067-9209-4FB0-8E4F-59B29E9867F8}.Debug|x64.ActiveCfg = Debug|Any CPU
		{3693E067-9209-4FB0-8E4F-59B29E9867F8}.Debug|x64.Build.0 = Debug|Any CPU
		{3693E067-9209-4FB0-8E4F-59B29E9867F8}.Debug|x86.ActiveCfg = Debug|Any CPU
		{3693E067-9209-4FB0-8E4F-59B29E9867F8}.Debug|x86.Build.0 = Debug|Any CPU
		{3693E067-9209-4FB0-8E4F-59B29E9867F8}.Release|Any CPU.ActiveCfg = Release|Any CPU
		{3693E067-9209-4FB0-8E4F-59B29E9867F8}.Release|Any CPU.Build.0 = Release|Any CPU
		{3693E067-9209-4FB0-8E4F-59B29E9867F8}.Release|ARM.ActiveCfg = Release|Any CPU
		{3693E067-9209-4FB0-8E4F-59B29E9867F8}.Release|ARM.Build.0 = Release|Any CPU
		{3693E067-9209-4FB0-8E4F-59B29E9867F8}.Release|ARM64.ActiveCfg = Release|Any CPU
		{3693E067-9209-4FB0-8E4F-59B29E9867F8}.Release|ARM64.Build.0 = Release|Any CPU
		{3693E067-9209-4FB0-8E4F-59B29E9867F8}.Release|x64.ActiveCfg = Release|Any CPU
		{3693E067-9209-4FB0-8E4F-59B29E9867F8}.Release|x64.Build.0 = Release|Any CPU
		{3693E067-9209-4FB0-8E4F-59B29E9867F8}.Release|x86.ActiveCfg = Release|Any CPU
		{3693E067-9209-4FB0-8E4F-59B29E9867F8}.Release|x86.Build.0 = Release|Any CPU
		{BD00059A-566B-4323-9F5F-9104DBB19EEB}.Debug|Any CPU.ActiveCfg = Debug|Any CPU
		{BD00059A-566B-4323-9F5F-9104DBB19EEB}.Debug|Any CPU.Build.0 = Debug|Any CPU
		{BD00059A-566B-4323-9F5F-9104DBB19EEB}.Debug|ARM.ActiveCfg = Debug|Any CPU
		{BD00059A-566B-4323-9F5F-9104DBB19EEB}.Debug|ARM.Build.0 = Debug|Any CPU
		{BD00059A-566B-4323-9F5F-9104DBB19EEB}.Debug|ARM64.ActiveCfg = Debug|Any CPU
		{BD00059A-566B-4323-9F5F-9104DBB19EEB}.Debug|ARM64.Build.0 = Debug|Any CPU
		{BD00059A-566B-4323-9F5F-9104DBB19EEB}.Debug|x64.ActiveCfg = Debug|Any CPU
		{BD00059A-566B-4323-9F5F-9104DBB19EEB}.Debug|x64.Build.0 = Debug|Any CPU
		{BD00059A-566B-4323-9F5F-9104DBB19EEB}.Debug|x86.ActiveCfg = Debug|Any CPU
		{BD00059A-566B-4323-9F5F-9104DBB19EEB}.Debug|x86.Build.0 = Debug|Any CPU
		{BD00059A-566B-4323-9F5F-9104DBB19EEB}.Release|Any CPU.ActiveCfg = Release|Any CPU
		{BD00059A-566B-4323-9F5F-9104DBB19EEB}.Release|Any CPU.Build.0 = Release|Any CPU
		{BD00059A-566B-4323-9F5F-9104DBB19EEB}.Release|ARM.ActiveCfg = Release|Any CPU
		{BD00059A-566B-4323-9F5F-9104DBB19EEB}.Release|ARM.Build.0 = Release|Any CPU
		{BD00059A-566B-4323-9F5F-9104DBB19EEB}.Release|ARM64.ActiveCfg = Release|Any CPU
		{BD00059A-566B-4323-9F5F-9104DBB19EEB}.Release|ARM64.Build.0 = Release|Any CPU
		{BD00059A-566B-4323-9F5F-9104DBB19EEB}.Release|x64.ActiveCfg = Release|Any CPU
		{BD00059A-566B-4323-9F5F-9104DBB19EEB}.Release|x64.Build.0 = Release|Any CPU
		{BD00059A-566B-4323-9F5F-9104DBB19EEB}.Release|x86.ActiveCfg = Release|Any CPU
		{BD00059A-566B-4323-9F5F-9104DBB19EEB}.Release|x86.Build.0 = Release|Any CPU
	EndGlobalSection
	GlobalSection(SolutionProperties) = preSolution
		HideSolutionNode = FALSE
	EndGlobalSection
	GlobalSection(ExtensibilityGlobals) = postSolution
		SolutionGuid = {0608527B-6603-4777-966B-DDF9149B8D25}
	EndGlobalSection
EndGlobal
